
Microsoft Visual Studio Solution File, Format Version 12.00
# Visual Studio Version 16
VisualStudioVersion = 16.0.32802.440
MinimumVisualStudioVersion = 10.0.40219.1
Project("{FAE04EC0-301F-11D3-BF4B-00C04F79EFBC}") = "CadastroDesktop", "CadastroDesktop.csproj", "{6AD85D90-8F72-441B-95AD-FE90A4B46CDC}"
EndProject
Global
	GlobalSection(SolutionConfigurationPlatforms) = preSolution
		Debug|Any CPU = Debug|Any CPU
		Release|Any CPU = Release|Any CPU
	EndGlobalSection
	GlobalSection(ProjectConfigurationPlatforms) = postSolution
		{6AD85D90-8F72-441B-95AD-FE90A4B46CDC}.Debug|Any CPU.ActiveCfg = Debug|Any CPU
		{6AD85D90-8F72-441B-95AD-FE90A4B46CDC}.Debug|Any CPU.Build.0 = Debug|Any CPU
		{6AD85D90-8F72-441B-95AD-FE90A4B46CDC}.Release|Any CPU.ActiveCfg = Release|Any CPU
		{6AD85D90-8F72-441B-95AD-FE90A4B46CDC}.Release|Any CPU.Build.0 = Release|Any CPU
	EndGlobalSection
	GlobalSection(SolutionProperties) = preSolution
		HideSolutionNode = FALSE
	EndGlobalSection
	GlobalSection(ExtensibilityGlobals) = postSolution
		SolutionGuid = {2738DB31-551D-471D-A34C-C3E4EFB6A40C}
	EndGlobalSection
EndGlobal
